
Microsoft Visual Studio Solution File, Format Version 12.00
# Visual Studio 2013
VisualStudioVersion = 12.0.21005.1
MinimumVisualStudioVersion = 10.0.40219.1
Project("{FAE04EC0-301F-11D3-BF4B-00C04F79EFBC}") = "product_key", "product_key\product_key.csproj", "{2405F2F7-65EB-471B-BBFB-BDCAAB6A1DBC}"
EndProject
Project("{FAE04EC0-301F-11D3-BF4B-00C04F79EFBC}") = "product_key.Tests", "product_key.Tests\product_key.Tests.csproj", "{54A17F42-AE33-4EF9-B4AF-5BE4ECD0C892}"
EndProject
Global
	GlobalSection(SolutionConfigurationPlatforms) = preSolution
		Debug|Any CPU = Debug|Any CPU
		Release|Any CPU = Release|Any CPU
	EndGlobalSection
	GlobalSection(ProjectConfigurationPlatforms) = postSolution
		{2405F2F7-65EB-471B-BBFB-BDCAAB6A1DBC}.Debug|Any CPU.ActiveCfg = Debug|Any CPU
		{2405F2F7-65EB-471B-BBFB-BDCAAB6A1DBC}.Debug|Any CPU.Build.0 = Debug|Any CPU
		{2405F2F7-65EB-471B-BBFB-BDCAAB6A1DBC}.Release|Any CPU.ActiveCfg = Release|Any CPU
		{2405F2F7-65EB-471B-BBFB-BDCAAB6A1DBC}.Release|Any CPU.Build.0 = Release|Any CPU
		{54A17F42-AE33-4EF9-B4AF-5BE4ECD0C892}.Debug|Any CPU.ActiveCfg = Debug|Any CPU
		{54A17F42-AE33-4EF9-B4AF-5BE4ECD0C892}.Debug|Any CPU.Build.0 = Debug|Any CPU
		{54A17F42-AE33-4EF9-B4AF-5BE4ECD0C892}.Release|Any CPU.ActiveCfg = Release|Any CPU
		{54A17F42-AE33-4EF9-B4AF-5BE4ECD0C892}.Release|Any CPU.Build.0 = Release|Any CPU
	EndGlobalSection
	GlobalSection(SolutionProperties) = preSolution
		HideSolutionNode = FALSE
	EndGlobalSection
EndGlobal
